# THIS IS AN AUTOGENERATED FILE. DO NOT EDIT THIS FILE DIRECTLY.
# yarn lockfile v1


"@patternfly/patternfly@^4.70.2":
  version "4.70.2"
  resolved "https://registry.yarnpkg.com/@patternfly/patternfly/-/patternfly-4.70.2.tgz#94b733f68f4f63040ab142eb2fa3c3ac5d08f2ae"
  integrity sha512-XKCHnOjx1JThY3s98AJhsApSsGHPvEdlY7r+b18OecqUnmThVGw3nslzYYrwfCGlJ/xQtV5so29SduH2/uhHzA==
